
Microsoft Visual Studio Solution File, Format Version 12.00
# Visual Studio Version 17
VisualStudioVersion = 17.10.35013.160
MinimumVisualStudioVersion = 10.0.40219.1
Project("{FAE04EC0-301F-11D3-BF4B-00C04F79EFBC}") = "ASPNETCore8-Blazor-OpenAI", "ASPNETCore8-Blazor-OpenAI\ASPNETCore8-Blazor-OpenAI.csproj", "{EE257CAC-6783-4C33-8D2E-DBB342FF1383}"
EndProject
Global
	GlobalSection(SolutionConfigurationPlatforms) = preSolution
		Debug|Any CPU = Debug|Any CPU
		Release|Any CPU = Release|Any CPU
	EndGlobalSection
	GlobalSection(ProjectConfigurationPlatforms) = postSolution
		{EE257CAC-6783-4C33-8D2E-DBB342FF1383}.Debug|Any CPU.ActiveCfg = Debug|Any CPU
		{EE257CAC-6783-4C33-8D2E-DBB342FF1383}.Debug|Any CPU.Build.0 = Debug|Any CPU
		{EE257CAC-6783-4C33-8D2E-DBB342FF1383}.Release|Any CPU.ActiveCfg = Release|Any CPU
		{EE257CAC-6783-4C33-8D2E-DBB342FF1383}.Release|Any CPU.Build.0 = Release|Any CPU
	EndGlobalSection
	GlobalSection(SolutionProperties) = preSolution
		HideSolutionNode = FALSE
	EndGlobalSection
	GlobalSection(ExtensibilityGlobals) = postSolution
		SolutionGuid = {2616E6D5-C41A-4944-BA9B-766024E68AA0}
	EndGlobalSection
EndGlobal
